
Microsoft Visual Studio Solution File, Format Version 12.00
# Visual Studio Version 17
VisualStudioVersion = 17.5.33627.172
MinimumVisualStudioVersion = 10.0.40219.1
Project("{9A19103F-16F7-4668-BE54-9A1E7A4F7556}") = "BlazorTestLoginRegisterPages2", "..\..\..\Documents\Visual Studio 2022\Programs\BlazorTestLoginRegisterPages2\BlazorTestLoginRegisterPages2\BlazorTestLoginRegisterPages2.csproj", "{505F7E9F-7A48-47F0-85A1-3401EAF93A3D}"
EndProject
Global
	GlobalSection(SolutionConfigurationPlatforms) = preSolution
		Debug|Any CPU = Debug|Any CPU
		Release|Any CPU = Release|Any CPU
	EndGlobalSection
	GlobalSection(ProjectConfigurationPlatforms) = postSolution
		{505F7E9F-7A48-47F0-85A1-3401EAF93A3D}.Debug|Any CPU.ActiveCfg = Debug|Any CPU
		{505F7E9F-7A48-47F0-85A1-3401EAF93A3D}.Debug|Any CPU.Build.0 = Debug|Any CPU
		{505F7E9F-7A48-47F0-85A1-3401EAF93A3D}.Release|Any CPU.ActiveCfg = Release|Any CPU
		{505F7E9F-7A48-47F0-85A1-3401EAF93A3D}.Release|Any CPU.Build.0 = Release|Any CPU
	EndGlobalSection
	GlobalSection(SolutionProperties) = preSolution
		HideSolutionNode = FALSE
	EndGlobalSection
	GlobalSection(ExtensibilityGlobals) = postSolution
		SolutionGuid = {89762A05-E790-4D88-91A6-EAE9B91FF075}
	EndGlobalSection
EndGlobal
